
Microsoft Visual Studio Solution File, Format Version 12.00
# Visual Studio 15
VisualStudioVersion = 15.0.28307.421
MinimumVisualStudioVersion = 10.0.40219.1
Project("{FAE04EC0-301F-11D3-BF4B-00C04F79EFBC}") = "Tic Tac Toe V3", "Tic Tac Toe V3\Tic Tac Toe V3.csproj", "{DC5BC3BB-DC6A-498F-9E97-139E07EE95C2}"
EndProject
Global
	GlobalSection(SolutionConfigurationPlatforms) = preSolution
		Debug|Any CPU = Debug|Any CPU
		Release|Any CPU = Release|Any CPU
	EndGlobalSection
	GlobalSection(ProjectConfigurationPlatforms) = postSolution
		{DC5BC3BB-DC6A-498F-9E97-139E07EE95C2}.Debug|Any CPU.ActiveCfg = Debug|Any CPU
		{DC5BC3BB-DC6A-498F-9E97-139E07EE95C2}.Debug|Any CPU.Build.0 = Debug|Any CPU
		{DC5BC3BB-DC6A-498F-9E97-139E07EE95C2}.Release|Any CPU.ActiveCfg = Release|Any CPU
		{DC5BC3BB-DC6A-498F-9E97-139E07EE95C2}.Release|Any CPU.Build.0 = Release|Any CPU
	EndGlobalSection
	GlobalSection(SolutionProperties) = preSolution
		HideSolutionNode = FALSE
	EndGlobalSection
	GlobalSection(ExtensibilityGlobals) = postSolution
		SolutionGuid = {CF4103DF-3A93-4077-93D2-08539E52ADF9}
	EndGlobalSection
EndGlobal
